
Microsoft Visual Studio Solution File, Format Version 12.00
# Visual Studio 14
VisualStudioVersion = 14.0.25123.0
MinimumVisualStudioVersion = 10.0.40219.1
Project("{DA79A6D1-957F-44CE-B0ED-AFCF18A74B04}") = "Sitecore.Support.198665", "Sitecore.Support.198665\Sitecore.Support.198665.csproj", "{CE1102CF-8B93-4650-8527-D70D1D9E2772}"
EndProject
Global
	GlobalSection(SolutionConfigurationPlatforms) = preSolution
		Debug|Any CPU = Debug|Any CPU
		Release|Any CPU = Release|Any CPU
	EndGlobalSection
	GlobalSection(ProjectConfigurationPlatforms) = postSolution
		{CE1102CF-8B93-4650-8527-D70D1D9E2772}.Debug|Any CPU.ActiveCfg = Debug|Any CPU
		{CE1102CF-8B93-4650-8527-D70D1D9E2772}.Debug|Any CPU.Build.0 = Debug|Any CPU
		{CE1102CF-8B93-4650-8527-D70D1D9E2772}.Release|Any CPU.ActiveCfg = Release|Any CPU
		{CE1102CF-8B93-4650-8527-D70D1D9E2772}.Release|Any CPU.Build.0 = Release|Any CPU
	EndGlobalSection
	GlobalSection(SolutionProperties) = preSolution
		HideSolutionNode = FALSE
	EndGlobalSection
EndGlobal
