
Microsoft Visual Studio Solution File, Format Version 12.00
# Visual Studio 14
VisualStudioVersion = 14.0.25123.0
MinimumVisualStudioVersion = 10.0.40219.1
Project("{6D211776-7BF5-45DC-8B4F-422BE41A56B6}") = "Sitecore.Support.198665", "Sitecore.Support.198665\Sitecore.Support.198665.csproj", "{B9AFD5EF-2CCE-44B8-9393-327384DB6F07}"
EndProject
Global
	GlobalSection(SolutionConfigurationPlatforms) = preSolution
		Debug|Any CPU = Debug|Any CPU
		Release|Any CPU = Release|Any CPU
	EndGlobalSection
	GlobalSection(ProjectConfigurationPlatforms) = postSolution
		{B9AFD5EF-2CCE-44B8-9393-327384DB6F07}.Debug|Any CPU.ActiveCfg = Debug|Any CPU
		{B9AFD5EF-2CCE-44B8-9393-327384DB6F07}.Debug|Any CPU.Build.0 = Debug|Any CPU
		{B9AFD5EF-2CCE-44B8-9393-327384DB6F07}.Release|Any CPU.ActiveCfg = Release|Any CPU
		{B9AFD5EF-2CCE-44B8-9393-327384DB6F07}.Release|Any CPU.Build.0 = Release|Any CPU
	EndGlobalSection
	GlobalSection(SolutionProperties) = preSolution
		HideSolutionNode = FALSE
	EndGlobalSection
EndGlobal
